
Microsoft Visual Studio Solution File, Format Version 12.00
# Visual Studio Version 17
VisualStudioVersion = 17.4.33213.308
MinimumVisualStudioVersion = 10.0.40219.1
Project("{FAE04EC0-301F-11D3-BF4B-00C04F79EFBC}") = "PetsAPI", "PetsAPI\PetsAPI.csproj", "{34DD8CAB-9877-4FE2-BA20-518F9E8B2667}"
EndProject
Project("{FAE04EC0-301F-11D3-BF4B-00C04F79EFBC}") = "PetsDB", "PetsDB\PetsDB.csproj", "{B6DA9659-3D33-4F46-9838-60D4E5A5956D}"
EndProject
Global
	GlobalSection(SolutionConfigurationPlatforms) = preSolution
		Debug|Any CPU = Debug|Any CPU
		Release|Any CPU = Release|Any CPU
	EndGlobalSection
	GlobalSection(ProjectConfigurationPlatforms) = postSolution
		{34DD8CAB-9877-4FE2-BA20-518F9E8B2667}.Debug|Any CPU.ActiveCfg = Debug|Any CPU
		{34DD8CAB-9877-4FE2-BA20-518F9E8B2667}.Debug|Any CPU.Build.0 = Debug|Any CPU
		{34DD8CAB-9877-4FE2-BA20-518F9E8B2667}.Release|Any CPU.ActiveCfg = Release|Any CPU
		{34DD8CAB-9877-4FE2-BA20-518F9E8B2667}.Release|Any CPU.Build.0 = Release|Any CPU
		{B6DA9659-3D33-4F46-9838-60D4E5A5956D}.Debug|Any CPU.ActiveCfg = Debug|Any CPU
		{B6DA9659-3D33-4F46-9838-60D4E5A5956D}.Debug|Any CPU.Build.0 = Debug|Any CPU
		{B6DA9659-3D33-4F46-9838-60D4E5A5956D}.Release|Any CPU.ActiveCfg = Release|Any CPU
		{B6DA9659-3D33-4F46-9838-60D4E5A5956D}.Release|Any CPU.Build.0 = Release|Any CPU
	EndGlobalSection
	GlobalSection(SolutionProperties) = preSolution
		HideSolutionNode = FALSE
	EndGlobalSection
	GlobalSection(ExtensibilityGlobals) = postSolution
		SolutionGuid = {F0C64651-10B7-4730-9426-E9347846A9BA}
	EndGlobalSection
EndGlobal
